{
  "object": {
    "pins": [
      {
        "package": "MSTransition",
        "repositoryURL": "https://github.com/schlossm/SideSpringTransition",
        "state": {
          "branch": null,
          "revision": "2a4c25c2c046131c1a1906d7b5194c4725901737",
          "version": "2.0.4"
        }
      }
    ]
  },
  "version": 1
}
