{
  "object": {
    "pins": [
      {
        "package": "MSTransition",
        "repositoryURL": "https://github.com/schlossm/SideSpringTransition",
        "state": {
          "branch": null,
          "revision": "4b0ec6b270111da9033cfa2890db6d8364e8e1b9",
          "version": "2.0.0"
        }
      }
    ]
  },
  "version": 1
}
